<?xml version="1.0" encoding="utf-8"?>
<Project ToolsVersion="4.0" xmlns="http://schemas.microsoft.com/developer/msbuild/2003">
  <ItemGroup>
    <ClInclude Include="Main.h" />
    <ClInclude Include="stdafx.h" />
    <ClInclude Include="Bullet.h">
      <Filter>GameObject</Filter>
    </ClInclude>
    <ClInclude Include="Block.h">
      <Filter>GameObject</Filter>
    </ClInclude>
    <ClInclude Include="Sonic.h">
      <Filter>GameObject</Filter>
    </ClInclude>
    <ClInclude Include="Scene2.h">
      <Filter>Scene</Filter>
    </ClInclude>
    <ClInclude Include="Scene1.h">
      <Filter>Scene</Filter>
    </ClInclude>
  </ItemGroup>
  <ItemGroup>
    <ClCompile Include="Main.cpp" />
    <ClCompile Include="Bullet.cpp">
      <Filter>GameObject</Filter>
    </ClCompile>
    <ClCompile Include="Block.cpp">
      <Filter>GameObject</Filter>
    </ClCompile>
    <ClCompile Include="Sonic.cpp">
      <Filter>GameObject</Filter>
    </ClCompile>
    <ClCompile Include="Scene2.cpp">
      <Filter>Scene</Filter>
    </ClCompile>
    <ClCompile Include="Scene1.cpp">
      <Filter>Scene</Filter>
    </ClCompile>
  </ItemGroup>
  <ItemGroup>
    <Filter Include="Scene">
      <UniqueIdentifier>{c0a56edf-7756-4ae4-9c40-b1117b5754d0}</UniqueIdentifier>
    </Filter>
    <Filter Include="GameObject">
      <UniqueIdentifier>{7a78d2bd-9dd0-4f49-92e9-05f1da0967fa}</UniqueIdentifier>
    </Filter>
  </ItemGroup>
</Project>