<?xml version="1.0" encoding="utf-8"?>
<Project ToolsVersion="4.0" xmlns="http://schemas.microsoft.com/developer/msbuild/2003">
  <ItemGroup>
    <ClInclude Include="Main.h" />
    <ClInclude Include="stdafx.h" />
    <ClInclude Include="Player.h">
      <Filter>GameObject</Filter>
    </ClInclude>
    <ClInclude Include="Enemy.h">
      <Filter>GameObject</Filter>
    </ClInclude>
    <ClInclude Include="ShieldEnemy.h">
      <Filter>GameObject</Filter>
    </ClInclude>
    <ClInclude Include="LevelEXP.h">
      <Filter>GameObject</Filter>
    </ClInclude>
    <ClInclude Include="Weapon.h">
      <Filter>GameObject</Filter>
    </ClInclude>
    <ClInclude Include="MagicWand.h">
      <Filter>GameObject</Filter>
    </ClInclude>
    <ClInclude Include="PlayerInven.h">
      <Filter>GameObject</Filter>
    </ClInclude>
    <ClInclude Include="Axe.h">
      <Filter>GameObject</Filter>
    </ClInclude>
    <ClInclude Include="KingBible.h">
      <Filter>GameObject</Filter>
    </ClInclude>
  </ItemGroup>
  <ItemGroup>
    <ClCompile Include="Main.cpp" />
    <ClCompile Include="Player.cpp">
      <Filter>GameObject</Filter>
    </ClCompile>
    <ClCompile Include="Enemy.cpp">
      <Filter>GameObject</Filter>
    </ClCompile>
    <ClCompile Include="ShieldEnemy.cpp">
      <Filter>GameObject</Filter>
    </ClCompile>
    <ClCompile Include="LevelEXP.cpp">
      <Filter>GameObject</Filter>
    </ClCompile>
    <ClCompile Include="Weapon.cpp">
      <Filter>GameObject</Filter>
    </ClCompile>
    <ClCompile Include="MagicWand.cpp">
      <Filter>GameObject</Filter>
    </ClCompile>
    <ClCompile Include="PlayerInven.cpp">
      <Filter>GameObject</Filter>
    </ClCompile>
    <ClCompile Include="Axe.cpp">
      <Filter>GameObject</Filter>
    </ClCompile>
    <ClCompile Include="KingBible.cpp">
      <Filter>GameObject</Filter>
    </ClCompile>
  </ItemGroup>
  <ItemGroup>
    <Filter Include="GameObject">
      <UniqueIdentifier>{d406f10f-6047-43aa-903d-6cc20ebe5f1d}</UniqueIdentifier>
    </Filter>
  </ItemGroup>
</Project>